
Microsoft Visual Studio Solution File, Format Version 12.00
# Visual Studio 14
VisualStudioVersion = 14.0.24720.0
MinimumVisualStudioVersion = 10.0.40219.1
Project("{FAE04EC0-301F-11D3-BF4B-00C04F79EFBC}") = "MSP Nepal", "MSP Nepal\MSP Nepal.csproj", "{A8C1362D-B8B3-4969-8773-FE07316E4B73}"
EndProject
Global
	GlobalSection(SolutionConfigurationPlatforms) = preSolution
		Debug|ARM = Debug|ARM
		Debug|x64 = Debug|x64
		Debug|x86 = Debug|x86
		Release|ARM = Release|ARM
		Release|x64 = Release|x64
		Release|x86 = Release|x86
	EndGlobalSection
	GlobalSection(ProjectConfigurationPlatforms) = postSolution
		{A8C1362D-B8B3-4969-8773-FE07316E4B73}.Debug|ARM.ActiveCfg = Debug|ARM
		{A8C1362D-B8B3-4969-8773-FE07316E4B73}.Debug|ARM.Build.0 = Debug|ARM
		{A8C1362D-B8B3-4969-8773-FE07316E4B73}.Debug|ARM.Deploy.0 = Debug|ARM
		{A8C1362D-B8B3-4969-8773-FE07316E4B73}.Debug|x64.ActiveCfg = Debug|x64
		{A8C1362D-B8B3-4969-8773-FE07316E4B73}.Debug|x64.Build.0 = Debug|x64
		{A8C1362D-B8B3-4969-8773-FE07316E4B73}.Debug|x64.Deploy.0 = Debug|x64
		{A8C1362D-B8B3-4969-8773-FE07316E4B73}.Debug|x86.ActiveCfg = Debug|x86
		{A8C1362D-B8B3-4969-8773-FE07316E4B73}.Debug|x86.Build.0 = Debug|x86
		{A8C1362D-B8B3-4969-8773-FE07316E4B73}.Debug|x86.Deploy.0 = Debug|x86
		{A8C1362D-B8B3-4969-8773-FE07316E4B73}.Release|ARM.ActiveCfg = Release|ARM
		{A8C1362D-B8B3-4969-8773-FE07316E4B73}.Release|ARM.Build.0 = Release|ARM
		{A8C1362D-B8B3-4969-8773-FE07316E4B73}.Release|ARM.Deploy.0 = Release|ARM
		{A8C1362D-B8B3-4969-8773-FE07316E4B73}.Release|x64.ActiveCfg = Release|x64
		{A8C1362D-B8B3-4969-8773-FE07316E4B73}.Release|x64.Build.0 = Release|x64
		{A8C1362D-B8B3-4969-8773-FE07316E4B73}.Release|x64.Deploy.0 = Release|x64
		{A8C1362D-B8B3-4969-8773-FE07316E4B73}.Release|x86.ActiveCfg = Release|x86
		{A8C1362D-B8B3-4969-8773-FE07316E4B73}.Release|x86.Build.0 = Release|x86
		{A8C1362D-B8B3-4969-8773-FE07316E4B73}.Release|x86.Deploy.0 = Release|x86
	EndGlobalSection
	GlobalSection(SolutionProperties) = preSolution
		HideSolutionNode = FALSE
	EndGlobalSection
EndGlobal
